
Microsoft Visual Studio Solution File, Format Version 12.00
# Visual Studio Version 17
VisualStudioVersion = 17.0.31903.59
MinimumVisualStudioVersion = 10.0.40219.1
Project("{2150E333-8FDC-42A3-9474-1A3956D46DE8}") = "src", "src", "{827E0CD3-B72D-47B6-A68D-7590B98EB39B}"
EndProject
Project("{FAE04EC0-301F-11D3-BF4B-00C04F79EFBC}") = "Catalog.Domain", "src\Catalog.Domain\Catalog.Domain.csproj", "{F9F440FE-92EF-493D-B360-8F916E3C1173}"
EndProject
Project("{FAE04EC0-301F-11D3-BF4B-00C04F79EFBC}") = "Catalog.Infrastructure", "src\Catalog.Infrastructure\Catalog.Infrastructure.csproj", "{44B55703-3BA0-4F04-ADEA-B8344EF40109}"
EndProject
Project("{FAE04EC0-301F-11D3-BF4B-00C04F79EFBC}") = "Catalog.Shared", "src\Catalog.Shared\Catalog.Shared.csproj", "{1B49481E-B20E-43A9-8B6C-E7279FED3FCE}"
EndProject
Project("{2150E333-8FDC-42A3-9474-1A3956D46DE8}") = "tests", "tests", "{0AB3BF05-4346-4AA6-1389-037BE0695223}"
EndProject
Project("{FAE04EC0-301F-11D3-BF4B-00C04F79EFBC}") = "Catalog.Infrastructure.Tests", "tests\Catalog.Infrastructure.Tests\Catalog.Infrastructure.Tests.csproj", "{2F4E72D1-6537-4E64-BC82-F1D774135E02}"
EndProject
Project("{FAE04EC0-301F-11D3-BF4B-00C04F79EFBC}") = "Catalog.Shared.Tests", "tests\Catalog.Shared.Tests\Catalog.Shared.Tests.csproj", "{3352116F-B242-4AAF-9BA2-3ED6CFE8F4AB}"
EndProject
Project("{FAE04EC0-301F-11D3-BF4B-00C04F79EFBC}") = "Catalog.Service", "src\Catalog.Service\Catalog.Service.csproj", "{EFDA72B8-0F2D-4A11-914A-719623BB0800}"
EndProject
Project("{FAE04EC0-301F-11D3-BF4B-00C04F79EFBC}") = "Catalog.Service.Tests", "tests\Catalog.Service.Tests\Catalog.Service.Tests.csproj", "{EE388F60-9A16-433D-82FF-B964ABFE6D90}"
EndProject
Global
	GlobalSection(SolutionConfigurationPlatforms) = preSolution
		Debug|Any CPU = Debug|Any CPU
		Debug|x64 = Debug|x64
		Debug|x86 = Debug|x86
		Release|Any CPU = Release|Any CPU
		Release|x64 = Release|x64
		Release|x86 = Release|x86
	EndGlobalSection
	GlobalSection(ProjectConfigurationPlatforms) = postSolution
		{F9F440FE-92EF-493D-B360-8F916E3C1173}.Debug|Any CPU.ActiveCfg = Debug|Any CPU
		{F9F440FE-92EF-493D-B360-8F916E3C1173}.Debug|Any CPU.Build.0 = Debug|Any CPU
		{F9F440FE-92EF-493D-B360-8F916E3C1173}.Debug|x64.ActiveCfg = Debug|Any CPU
		{F9F440FE-92EF-493D-B360-8F916E3C1173}.Debug|x64.Build.0 = Debug|Any CPU
		{F9F440FE-92EF-493D-B360-8F916E3C1173}.Debug|x86.ActiveCfg = Debug|Any CPU
		{F9F440FE-92EF-493D-B360-8F916E3C1173}.Debug|x86.Build.0 = Debug|Any CPU
		{F9F440FE-92EF-493D-B360-8F916E3C1173}.Release|Any CPU.ActiveCfg = Release|Any CPU
		{F9F440FE-92EF-493D-B360-8F916E3C1173}.Release|Any CPU.Build.0 = Release|Any CPU
		{F9F440FE-92EF-493D-B360-8F916E3C1173}.Release|x64.ActiveCfg = Release|Any CPU
		{F9F440FE-92EF-493D-B360-8F916E3C1173}.Release|x64.Build.0 = Release|Any CPU
		{F9F440FE-92EF-493D-B360-8F916E3C1173}.Release|x86.ActiveCfg = Release|Any CPU
		{F9F440FE-92EF-493D-B360-8F916E3C1173}.Release|x86.Build.0 = Release|Any CPU
		{44B55703-3BA0-4F04-ADEA-B8344EF40109}.Debug|Any CPU.ActiveCfg = Debug|Any CPU
		{44B55703-3BA0-4F04-ADEA-B8344EF40109}.Debug|Any CPU.Build.0 = Debug|Any CPU
		{44B55703-3BA0-4F04-ADEA-B8344EF40109}.Debug|x64.ActiveCfg = Debug|Any CPU
		{44B55703-3BA0-4F04-ADEA-B8344EF40109}.Debug|x64.Build.0 = Debug|Any CPU
		{44B55703-3BA0-4F04-ADEA-B8344EF40109}.Debug|x86.ActiveCfg = Debug|Any CPU
		{44B55703-3BA0-4F04-ADEA-B8344EF40109}.Debug|x86.Build.0 = Debug|Any CPU
		{44B55703-3BA0-4F04-ADEA-B8344EF40109}.Release|Any CPU.ActiveCfg = Release|Any CPU
		{44B55703-3BA0-4F04-ADEA-B8344EF40109}.Release|Any CPU.Build.0 = Release|Any CPU
		{44B55703-3BA0-4F04-ADEA-B8344EF40109}.Release|x64.ActiveCfg = Release|Any CPU
		{44B55703-3BA0-4F04-ADEA-B8344EF40109}.Release|x64.Build.0 = Release|Any CPU
		{44B55703-3BA0-4F04-ADEA-B8344EF40109}.Release|x86.ActiveCfg = Release|Any CPU
		{44B55703-3BA0-4F04-ADEA-B8344EF40109}.Release|x86.Build.0 = Release|Any CPU
		{1B49481E-B20E-43A9-8B6C-E7279FED3FCE}.Debug|Any CPU.ActiveCfg = Debug|Any CPU
		{1B49481E-B20E-43A9-8B6C-E7279FED3FCE}.Debug|Any CPU.Build.0 = Debug|Any CPU
		{1B49481E-B20E-43A9-8B6C-E7279FED3FCE}.Debug|x64.ActiveCfg = Debug|Any CPU
		{1B49481E-B20E-43A9-8B6C-E7279FED3FCE}.Debug|x64.Build.0 = Debug|Any CPU
		{1B49481E-B20E-43A9-8B6C-E7279FED3FCE}.Debug|x86.ActiveCfg = Debug|Any CPU
		{1B49481E-B20E-43A9-8B6C-E7279FED3FCE}.Debug|x86.Build.0 = Debug|Any CPU
		{1B49481E-B20E-43A9-8B6C-E7279FED3FCE}.Release|Any CPU.ActiveCfg = Release|Any CPU
		{1B49481E-B20E-43A9-8B6C-E7279FED3FCE}.Release|Any CPU.Build.0 = Release|Any CPU
		{1B49481E-B20E-43A9-8B6C-E7279FED3FCE}.Release|x64.ActiveCfg = Release|Any CPU
		{1B49481E-B20E-43A9-8B6C-E7279FED3FCE}.Release|x64.Build.0 = Release|Any CPU
		{1B49481E-B20E-43A9-8B6C-E7279FED3FCE}.Release|x86.ActiveCfg = Release|Any CPU
		{1B49481E-B20E-43A9-8B6C-E7279FED3FCE}.Release|x86.Build.0 = Release|Any CPU
		{2F4E72D1-6537-4E64-BC82-F1D774135E02}.Debug|Any CPU.ActiveCfg = Debug|Any CPU
		{2F4E72D1-6537-4E64-BC82-F1D774135E02}.Debug|Any CPU.Build.0 = Debug|Any CPU
		{2F4E72D1-6537-4E64-BC82-F1D774135E02}.Debug|x64.ActiveCfg = Debug|Any CPU
		{2F4E72D1-6537-4E64-BC82-F1D774135E02}.Debug|x64.Build.0 = Debug|Any CPU
		{2F4E72D1-6537-4E64-BC82-F1D774135E02}.Debug|x86.ActiveCfg = Debug|Any CPU
		{2F4E72D1-6537-4E64-BC82-F1D774135E02}.Debug|x86.Build.0 = Debug|Any CPU
		{2F4E72D1-6537-4E64-BC82-F1D774135E02}.Release|Any CPU.ActiveCfg = Release|Any CPU
		{2F4E72D1-6537-4E64-BC82-F1D774135E02}.Release|Any CPU.Build.0 = Release|Any CPU
		{2F4E72D1-6537-4E64-BC82-F1D774135E02}.Release|x64.ActiveCfg = Release|Any CPU
		{2F4E72D1-6537-4E64-BC82-F1D774135E02}.Release|x64.Build.0 = Release|Any CPU
		{2F4E72D1-6537-4E64-BC82-F1D774135E02}.Release|x86.ActiveCfg = Release|Any CPU
		{2F4E72D1-6537-4E64-BC82-F1D774135E02}.Release|x86.Build.0 = Release|Any CPU
		{3352116F-B242-4AAF-9BA2-3ED6CFE8F4AB}.Debug|Any CPU.ActiveCfg = Debug|Any CPU
		{3352116F-B242-4AAF-9BA2-3ED6CFE8F4AB}.Debug|Any CPU.Build.0 = Debug|Any CPU
		{3352116F-B242-4AAF-9BA2-3ED6CFE8F4AB}.Debug|x64.ActiveCfg = Debug|Any CPU
		{3352116F-B242-4AAF-9BA2-3ED6CFE8F4AB}.Debug|x64.Build.0 = Debug|Any CPU
		{3352116F-B242-4AAF-9BA2-3ED6CFE8F4AB}.Debug|x86.ActiveCfg = Debug|Any CPU
		{3352116F-B242-4AAF-9BA2-3ED6CFE8F4AB}.Debug|x86.Build.0 = Debug|Any CPU
		{3352116F-B242-4AAF-9BA2-3ED6CFE8F4AB}.Release|Any CPU.ActiveCfg = Release|Any CPU
		{3352116F-B242-4AAF-9BA2-3ED6CFE8F4AB}.Release|Any CPU.Build.0 = Release|Any CPU
		{3352116F-B242-4AAF-9BA2-3ED6CFE8F4AB}.Release|x64.ActiveCfg = Release|Any CPU
		{3352116F-B242-4AAF-9BA2-3ED6CFE8F4AB}.Release|x64.Build.0 = Release|Any CPU
		{3352116F-B242-4AAF-9BA2-3ED6CFE8F4AB}.Release|x86.ActiveCfg = Release|Any CPU
		{3352116F-B242-4AAF-9BA2-3ED6CFE8F4AB}.Release|x86.Build.0 = Release|Any CPU
		{EFDA72B8-0F2D-4A11-914A-719623BB0800}.Debug|Any CPU.ActiveCfg = Debug|Any CPU
		{EFDA72B8-0F2D-4A11-914A-719623BB0800}.Debug|Any CPU.Build.0 = Debug|Any CPU
		{EFDA72B8-0F2D-4A11-914A-719623BB0800}.Debug|x64.ActiveCfg = Debug|Any CPU
		{EFDA72B8-0F2D-4A11-914A-719623BB0800}.Debug|x64.Build.0 = Debug|Any CPU
		{EFDA72B8-0F2D-4A11-914A-719623BB0800}.Debug|x86.ActiveCfg = Debug|Any CPU
		{EFDA72B8-0F2D-4A11-914A-719623BB0800}.Debug|x86.Build.0 = Debug|Any CPU
		{EFDA72B8-0F2D-4A11-914A-719623BB0800}.Release|Any CPU.ActiveCfg = Release|Any CPU
		{EFDA72B8-0F2D-4A11-914A-719623BB0800}.Release|Any CPU.Build.0 = Release|Any CPU
		{EFDA72B8-0F2D-4A11-914A-719623BB0800}.Release|x64.ActiveCfg = Release|Any CPU
		{EFDA72B8-0F2D-4A11-914A-719623BB0800}.Release|x64.Build.0 = Release|Any CPU
		{EFDA72B8-0F2D-4A11-914A-719623BB0800}.Release|x86.ActiveCfg = Release|Any CPU
		{EFDA72B8-0F2D-4A11-914A-719623BB0800}.Release|x86.Build.0 = Release|Any CPU
		{EE388F60-9A16-433D-82FF-B964ABFE6D90}.Debug|Any CPU.ActiveCfg = Debug|Any CPU
		{EE388F60-9A16-433D-82FF-B964ABFE6D90}.Debug|Any CPU.Build.0 = Debug|Any CPU
		{EE388F60-9A16-433D-82FF-B964ABFE6D90}.Debug|x64.ActiveCfg = Debug|Any CPU
		{EE388F60-9A16-433D-82FF-B964ABFE6D90}.Debug|x64.Build.0 = Debug|Any CPU
		{EE388F60-9A16-433D-82FF-B964ABFE6D90}.Debug|x86.ActiveCfg = Debug|Any CPU
		{EE388F60-9A16-433D-82FF-B964ABFE6D90}.Debug|x86.Build.0 = Debug|Any CPU
		{EE388F60-9A16-433D-82FF-B964ABFE6D90}.Release|Any CPU.ActiveCfg = Release|Any CPU
		{EE388F60-9A16-433D-82FF-B964ABFE6D90}.Release|Any CPU.Build.0 = Release|Any CPU
		{EE388F60-9A16-433D-82FF-B964ABFE6D90}.Release|x64.ActiveCfg = Release|Any CPU
		{EE388F60-9A16-433D-82FF-B964ABFE6D90}.Release|x64.Build.0 = Release|Any CPU
		{EE388F60-9A16-433D-82FF-B964ABFE6D90}.Release|x86.ActiveCfg = Release|Any CPU
		{EE388F60-9A16-433D-82FF-B964ABFE6D90}.Release|x86.Build.0 = Release|Any CPU
	EndGlobalSection
	GlobalSection(SolutionProperties) = preSolution
		HideSolutionNode = FALSE
	EndGlobalSection
	GlobalSection(NestedProjects) = preSolution
		{F9F440FE-92EF-493D-B360-8F916E3C1173} = {827E0CD3-B72D-47B6-A68D-7590B98EB39B}
		{44B55703-3BA0-4F04-ADEA-B8344EF40109} = {827E0CD3-B72D-47B6-A68D-7590B98EB39B}
		{1B49481E-B20E-43A9-8B6C-E7279FED3FCE} = {827E0CD3-B72D-47B6-A68D-7590B98EB39B}
		{2F4E72D1-6537-4E64-BC82-F1D774135E02} = {0AB3BF05-4346-4AA6-1389-037BE0695223}
		{3352116F-B242-4AAF-9BA2-3ED6CFE8F4AB} = {0AB3BF05-4346-4AA6-1389-037BE0695223}
		{EFDA72B8-0F2D-4A11-914A-719623BB0800} = {827E0CD3-B72D-47B6-A68D-7590B98EB39B}
		{EE388F60-9A16-433D-82FF-B964ABFE6D90} = {0AB3BF05-4346-4AA6-1389-037BE0695223}
	EndGlobalSection
EndGlobal
